
Microsoft Visual Studio Solution File, Format Version 12.00
# Visual Studio Version 17
VisualStudioVersion = 17.0.31912.275
MinimumVisualStudioVersion = 10.0.40219.1
Project("{9A19103F-16F7-4668-BE54-9A1E7A4F7556}") = "AspStudio", "AspStudio\AspStudio.csproj", "{9B25EBD2-AD43-4A80-BEF1-94E5239C7A20}"
EndProject
Project("{FAE04EC0-301F-11D3-BF4B-00C04F79EFBC}") = "Domain", "Domain\Domain.csproj", "{C91522F9-D173-42B8-B9F0-CB5C8F3C2D6E}"
EndProject
Project("{FAE04EC0-301F-11D3-BF4B-00C04F79EFBC}") = "Infraestructure.Data", "Infraestructure.Data\Infraestructure.Data.csproj", "{A91F7E76-786C-4B8C-84F5-828A00E67480}"
EndProject
Global
	GlobalSection(SolutionConfigurationPlatforms) = preSolution
		Debug|Any CPU = Debug|Any CPU
		Release|Any CPU = Release|Any CPU
	EndGlobalSection
	GlobalSection(ProjectConfigurationPlatforms) = postSolution
		{9B25EBD2-AD43-4A80-BEF1-94E5239C7A20}.Debug|Any CPU.ActiveCfg = Debug|Any CPU
		{9B25EBD2-AD43-4A80-BEF1-94E5239C7A20}.Debug|Any CPU.Build.0 = Debug|Any CPU
		{9B25EBD2-AD43-4A80-BEF1-94E5239C7A20}.Release|Any CPU.ActiveCfg = Release|Any CPU
		{9B25EBD2-AD43-4A80-BEF1-94E5239C7A20}.Release|Any CPU.Build.0 = Release|Any CPU
		{C91522F9-D173-42B8-B9F0-CB5C8F3C2D6E}.Debug|Any CPU.ActiveCfg = Debug|Any CPU
		{C91522F9-D173-42B8-B9F0-CB5C8F3C2D6E}.Debug|Any CPU.Build.0 = Debug|Any CPU
		{C91522F9-D173-42B8-B9F0-CB5C8F3C2D6E}.Release|Any CPU.ActiveCfg = Release|Any CPU
		{C91522F9-D173-42B8-B9F0-CB5C8F3C2D6E}.Release|Any CPU.Build.0 = Release|Any CPU
		{A91F7E76-786C-4B8C-84F5-828A00E67480}.Debug|Any CPU.ActiveCfg = Debug|Any CPU
		{A91F7E76-786C-4B8C-84F5-828A00E67480}.Debug|Any CPU.Build.0 = Debug|Any CPU
		{A91F7E76-786C-4B8C-84F5-828A00E67480}.Release|Any CPU.ActiveCfg = Release|Any CPU
		{A91F7E76-786C-4B8C-84F5-828A00E67480}.Release|Any CPU.Build.0 = Release|Any CPU
	EndGlobalSection
	GlobalSection(SolutionProperties) = preSolution
		HideSolutionNode = FALSE
	EndGlobalSection
	GlobalSection(ExtensibilityGlobals) = postSolution
		SolutionGuid = {77FA22C5-D6DE-4DC1-81F3-41257D52C618}
	EndGlobalSection
EndGlobal
